
Microsoft Visual Studio Solution File, Format Version 12.00
# Visual Studio Version 17
VisualStudioVersion = 17.1.32210.238
MinimumVisualStudioVersion = 10.0.40219.1
Project("{FAE04EC0-301F-11D3-BF4B-00C04F79EFBC}") = "ProtonType.XnaGraphics.KNI", "ProtonType.XnaGraphics\ProtonType.XnaGraphics.KNI.csproj", "{52E94705-ECCE-4592-9D7C-145B9D8D248D}"
EndProject
Project("{2150E333-8FDC-42A3-9474-1A3956D46DE8}") = "XnaContentPipeline", "XnaContentPipeline", "{27530753-40D6-43A7-A448-D0806FCB4FA3}"
EndProject
Project("{FAE04EC0-301F-11D3-BF4B-00C04F79EFBC}") = "ProtonType.XnaContentPipeline.Builder.KNI", "ProtonType.XnaContentPipeline\Builder\ProtonType.XnaContentPipeline.Builder.KNI.csproj", "{18ABBFE2-2243-4A2F-A6AD-4A00982FCE47}"
EndProject
Project("{FAE04EC0-301F-11D3-BF4B-00C04F79EFBC}") = "ProtonType.XnaContentPipeline.ContentFile.KNI", "ProtonType.XnaContentPipeline\ContentFile\ProtonType.XnaContentPipeline.ContentFile.KNI.csproj", "{7DA58252-12F5-4811-8CEB-8321CBB42088}"
EndProject
Project("{FAE04EC0-301F-11D3-BF4B-00C04F79EFBC}") = "ProtonType.XnaContentPipeline.ProxyClient.KNI", "ProtonType.XnaContentPipeline\Proxy\ProtonType.XnaContentPipeline.ProxyClient.KNI.csproj", "{82C354D3-8D37-4B2B-9046-0D36A98EE450}"
EndProject
Project("{FAE04EC0-301F-11D3-BF4B-00C04F79EFBC}") = "ProtonType.XnaContentPipeline.ProxyServer.KNI", "ProtonType.XnaContentPipeline\ProxyServer\ProtonType.XnaContentPipeline.ProxyServer.KNI.csproj", "{52767CCB-66BC-44A1-A100-E0470E21A24B}"
EndProject
Project("{FAE04EC0-301F-11D3-BF4B-00C04F79EFBC}") = "ProtonType.XnaContentPipelineModule.NET4.KNI", "ProtonType.XnaContentPipeline\XnaContentPipelineModule\ProtonType.XnaContentPipelineModule.NET4.KNI.csproj", "{2AA622A6-BCFE-445B-AFC1-A6AF361A777E}"
EndProject
Project("{FAE04EC0-301F-11D3-BF4B-00C04F79EFBC}") = "ProtonType.XnaContentPipeline.ProxyCommon.NET4.KNI", "ProtonType.XnaContentPipeline\ProxyCommon\ProtonType.XnaContentPipeline.ProxyCommon.NET4.KNI.csproj", "{397EEBDC-8F9F-4BE5-905B-E40D0BB7F1DC}"
EndProject
Global
	GlobalSection(SolutionConfigurationPlatforms) = preSolution
		Debug|Any CPU = Debug|Any CPU
		Release|Any CPU = Release|Any CPU
	EndGlobalSection
	GlobalSection(ProjectConfigurationPlatforms) = postSolution
		{52E94705-ECCE-4592-9D7C-145B9D8D248D}.Debug|Any CPU.ActiveCfg = Debug|Any CPU
		{52E94705-ECCE-4592-9D7C-145B9D8D248D}.Debug|Any CPU.Build.0 = Debug|Any CPU
		{52E94705-ECCE-4592-9D7C-145B9D8D248D}.Release|Any CPU.ActiveCfg = Release|Any CPU
		{52E94705-ECCE-4592-9D7C-145B9D8D248D}.Release|Any CPU.Build.0 = Release|Any CPU
		{18ABBFE2-2243-4A2F-A6AD-4A00982FCE47}.Debug|Any CPU.ActiveCfg = Debug|Any CPU
		{18ABBFE2-2243-4A2F-A6AD-4A00982FCE47}.Debug|Any CPU.Build.0 = Debug|Any CPU
		{18ABBFE2-2243-4A2F-A6AD-4A00982FCE47}.Release|Any CPU.ActiveCfg = Release|Any CPU
		{18ABBFE2-2243-4A2F-A6AD-4A00982FCE47}.Release|Any CPU.Build.0 = Release|Any CPU
		{7DA58252-12F5-4811-8CEB-8321CBB42088}.Debug|Any CPU.ActiveCfg = Debug|Any CPU
		{7DA58252-12F5-4811-8CEB-8321CBB42088}.Debug|Any CPU.Build.0 = Debug|Any CPU
		{7DA58252-12F5-4811-8CEB-8321CBB42088}.Release|Any CPU.ActiveCfg = Release|Any CPU
		{7DA58252-12F5-4811-8CEB-8321CBB42088}.Release|Any CPU.Build.0 = Release|Any CPU
		{82C354D3-8D37-4B2B-9046-0D36A98EE450}.Debug|Any CPU.ActiveCfg = Debug|Any CPU
		{82C354D3-8D37-4B2B-9046-0D36A98EE450}.Debug|Any CPU.Build.0 = Debug|Any CPU
		{82C354D3-8D37-4B2B-9046-0D36A98EE450}.Release|Any CPU.ActiveCfg = Release|Any CPU
		{82C354D3-8D37-4B2B-9046-0D36A98EE450}.Release|Any CPU.Build.0 = Release|Any CPU
		{52767CCB-66BC-44A1-A100-E0470E21A24B}.Debug|Any CPU.ActiveCfg = Debug|Any CPU
		{52767CCB-66BC-44A1-A100-E0470E21A24B}.Debug|Any CPU.Build.0 = Debug|Any CPU
		{52767CCB-66BC-44A1-A100-E0470E21A24B}.Release|Any CPU.ActiveCfg = Release|Any CPU
		{52767CCB-66BC-44A1-A100-E0470E21A24B}.Release|Any CPU.Build.0 = Release|Any CPU
		{2AA622A6-BCFE-445B-AFC1-A6AF361A777E}.Debug|Any CPU.ActiveCfg = Debug|Any CPU
		{2AA622A6-BCFE-445B-AFC1-A6AF361A777E}.Debug|Any CPU.Build.0 = Debug|Any CPU
		{2AA622A6-BCFE-445B-AFC1-A6AF361A777E}.Release|Any CPU.ActiveCfg = Release|Any CPU
		{2AA622A6-BCFE-445B-AFC1-A6AF361A777E}.Release|Any CPU.Build.0 = Release|Any CPU
		{397EEBDC-8F9F-4BE5-905B-E40D0BB7F1DC}.Debug|Any CPU.ActiveCfg = Debug|Any CPU
		{397EEBDC-8F9F-4BE5-905B-E40D0BB7F1DC}.Debug|Any CPU.Build.0 = Debug|Any CPU
		{397EEBDC-8F9F-4BE5-905B-E40D0BB7F1DC}.Release|Any CPU.ActiveCfg = Release|Any CPU
		{397EEBDC-8F9F-4BE5-905B-E40D0BB7F1DC}.Release|Any CPU.Build.0 = Release|Any CPU
	EndGlobalSection
	GlobalSection(SolutionProperties) = preSolution
		HideSolutionNode = FALSE
	EndGlobalSection
	GlobalSection(NestedProjects) = preSolution
		{18ABBFE2-2243-4A2F-A6AD-4A00982FCE47} = {27530753-40D6-43A7-A448-D0806FCB4FA3}
		{7DA58252-12F5-4811-8CEB-8321CBB42088} = {27530753-40D6-43A7-A448-D0806FCB4FA3}
		{82C354D3-8D37-4B2B-9046-0D36A98EE450} = {27530753-40D6-43A7-A448-D0806FCB4FA3}
		{52767CCB-66BC-44A1-A100-E0470E21A24B} = {27530753-40D6-43A7-A448-D0806FCB4FA3}
		{2AA622A6-BCFE-445B-AFC1-A6AF361A777E} = {27530753-40D6-43A7-A448-D0806FCB4FA3}
		{397EEBDC-8F9F-4BE5-905B-E40D0BB7F1DC} = {27530753-40D6-43A7-A448-D0806FCB4FA3}
	EndGlobalSection
	GlobalSection(ExtensibilityGlobals) = postSolution
		SolutionGuid = {3905608E-40DC-4C2E-B7EF-15B706B99855}
	EndGlobalSection
EndGlobal
